
Microsoft Visual Studio Solution File, Format Version 12.00
# Visual Studio 14
VisualStudioVersion = 14.0.25420.1
MinimumVisualStudioVersion = 10.0.40219.1
Project("{FAE04EC0-301F-11D3-BF4B-00C04F79EFBC}") = "GarageManagementUI", "GarageManagement\GarageManagementUI.csproj", "{AD9A8057-1E04-472D-9570-DB37921778B1}"
EndProject
Project("{FAE04EC0-301F-11D3-BF4B-00C04F79EFBC}") = "GarageManagementUL", "GarageManagementUL\GarageManagementUL.csproj", "{731E46C1-D051-41F9-A5D1-CDFDA4751872}"
EndProject
Project("{FAE04EC0-301F-11D3-BF4B-00C04F79EFBC}") = "UnitTestProject", "UnitTestProject\UnitTestProject.csproj", "{38369F61-47D5-43EB-9375-1F7B5D7FAF4F}"
EndProject
Global
	GlobalSection(SolutionConfigurationPlatforms) = preSolution
		Debug|Any CPU = Debug|Any CPU
		Release|Any CPU = Release|Any CPU
	EndGlobalSection
	GlobalSection(ProjectConfigurationPlatforms) = postSolution
		{AD9A8057-1E04-472D-9570-DB37921778B1}.Debug|Any CPU.ActiveCfg = Debug|Any CPU
		{AD9A8057-1E04-472D-9570-DB37921778B1}.Debug|Any CPU.Build.0 = Debug|Any CPU
		{AD9A8057-1E04-472D-9570-DB37921778B1}.Release|Any CPU.ActiveCfg = Release|Any CPU
		{AD9A8057-1E04-472D-9570-DB37921778B1}.Release|Any CPU.Build.0 = Release|Any CPU
		{731E46C1-D051-41F9-A5D1-CDFDA4751872}.Debug|Any CPU.ActiveCfg = Debug|Any CPU
		{731E46C1-D051-41F9-A5D1-CDFDA4751872}.Debug|Any CPU.Build.0 = Debug|Any CPU
		{731E46C1-D051-41F9-A5D1-CDFDA4751872}.Release|Any CPU.ActiveCfg = Release|Any CPU
		{731E46C1-D051-41F9-A5D1-CDFDA4751872}.Release|Any CPU.Build.0 = Release|Any CPU
		{38369F61-47D5-43EB-9375-1F7B5D7FAF4F}.Debug|Any CPU.ActiveCfg = Debug|Any CPU
		{38369F61-47D5-43EB-9375-1F7B5D7FAF4F}.Debug|Any CPU.Build.0 = Debug|Any CPU
		{38369F61-47D5-43EB-9375-1F7B5D7FAF4F}.Release|Any CPU.ActiveCfg = Release|Any CPU
		{38369F61-47D5-43EB-9375-1F7B5D7FAF4F}.Release|Any CPU.Build.0 = Release|Any CPU
	EndGlobalSection
	GlobalSection(SolutionProperties) = preSolution
		HideSolutionNode = FALSE
	EndGlobalSection
EndGlobal
